
Microsoft Visual Studio Solution File, Format Version 12.00
# Visual Studio Version 17
VisualStudioVersion = 17.11.35312.102
MinimumVisualStudioVersion = 10.0.40219.1
Project("{FAE04EC0-301F-11D3-BF4B-00C04F79EFBC}") = "task1mvc", "task1mvc\task1mvc.csproj", "{0827F28C-5D92-49BC-BE13-C08EE92D680B}"
EndProject
Global
	GlobalSection(SolutionConfigurationPlatforms) = preSolution
		Debug|Any CPU = Debug|Any CPU
		Release|Any CPU = Release|Any CPU
	EndGlobalSection
	GlobalSection(ProjectConfigurationPlatforms) = postSolution
		{0827F28C-5D92-49BC-BE13-C08EE92D680B}.Debug|Any CPU.ActiveCfg = Debug|Any CPU
		{0827F28C-5D92-49BC-BE13-C08EE92D680B}.Debug|Any CPU.Build.0 = Debug|Any CPU
		{0827F28C-5D92-49BC-BE13-C08EE92D680B}.Release|Any CPU.ActiveCfg = Release|Any CPU
		{0827F28C-5D92-49BC-BE13-C08EE92D680B}.Release|Any CPU.Build.0 = Release|Any CPU
	EndGlobalSection
	GlobalSection(SolutionProperties) = preSolution
		HideSolutionNode = FALSE
	EndGlobalSection
	GlobalSection(ExtensibilityGlobals) = postSolution
		SolutionGuid = {52291E07-5EDB-4178-89B2-DBC8F68C181E}
	EndGlobalSection
EndGlobal
